
Microsoft Visual Studio Solution File, Format Version 12.00
# Visual Studio Version 16
VisualStudioVersion = 16.0.29709.97
MinimumVisualStudioVersion = 10.0.40219.1
Project("{FAE04EC0-301F-11D3-BF4B-00C04F79EFBC}") = "Calculator", "Calculator\Calculator.csproj", "{2B86DC00-C289-4EA5-ABF4-400E79B2B3BB}"
EndProject
Global
	GlobalSection(SolutionConfigurationPlatforms) = preSolution
		Debug|Any CPU = Debug|Any CPU
		Release|Any CPU = Release|Any CPU
	EndGlobalSection
	GlobalSection(ProjectConfigurationPlatforms) = postSolution
		{2B86DC00-C289-4EA5-ABF4-400E79B2B3BB}.Debug|Any CPU.ActiveCfg = Debug|Any CPU
		{2B86DC00-C289-4EA5-ABF4-400E79B2B3BB}.Debug|Any CPU.Build.0 = Debug|Any CPU
		{2B86DC00-C289-4EA5-ABF4-400E79B2B3BB}.Release|Any CPU.ActiveCfg = Release|Any CPU
		{2B86DC00-C289-4EA5-ABF4-400E79B2B3BB}.Release|Any CPU.Build.0 = Release|Any CPU
	EndGlobalSection
	GlobalSection(SolutionProperties) = preSolution
		HideSolutionNode = FALSE
	EndGlobalSection
	GlobalSection(ExtensibilityGlobals) = postSolution
		SolutionGuid = {5F7C6243-53B7-4FC6-8D6D-8F440E9EB91A}
	EndGlobalSection
EndGlobal
